lockfileVersion: 5.3

specifiers:
  git-cz: ^4.8.0
  husky: ^7.0.4
  lint-staged: ^12.1.2

devDependencies:
  git-cz: registry.npmmirror.com/git-cz/4.8.0
  husky: registry.npmmirror.com/husky/7.0.4
  lint-staged: registry.npmmirror.com/lint-staged/12.1.2

packages:

  registry.nlark.com/ansi-colors/4.1.1:
    resolution: {integrity: sha1-y7muJWv3UK8eqzRPIpqif+lLo0g=, registry: https://registry.npm.taobao.org/, tarball: https://registry.nlark.com/ansi-colors/download/ansi-colors-4.1.1.tgz}
    name: ansi-colors
    version: 4.1.1
    engines: {node: '>=6'}
    dev: true

  registry.nlark.com/ansi-escapes/4.3.2:
    resolution: {integrity: sha1-ayKR0dt9mLZSHV8e+kLQ86n+tl4=, registry: https://registry.npm.taobao.org/, tarball: https://registry.nlark.com/ansi-escapes/download/ansi-escapes-4.3.2.tgz}
    name: ansi-escapes
    version: 4.3.2
    engines: {node: '>=8'}
    dependencies:
      type-fest: registry.npmmirror.com/type-fest/0.21.3
    dev: true

  registry.nlark.com/ansi-regex/5.0.1:
    resolution: {integrity: sha1-CCyyyJyf6GWaMRpTvWpNxTAdswQ=, registry: https://registry.npm.taobao.org/, tarball: https://registry.nlark.com/ansi-regex/download/ansi-regex-5.0.1.tgz}
    name: ansi-regex
    version: 5.0.1
    engines: {node: '>=8'}
    dev: true

  registry.nlark.com/ansi-regex/6.0.1:
    resolution: {integrity: sha1-MYPjj66aZdfLXlOUXNWJfQJgoGo=, registry: https://registry.npm.taobao.org/, tarball: https://registry.nlark.com/ansi-regex/download/ansi-regex-6.0.1.tgz}
    name: ansi-regex
    version: 6.0.1
    engines: {node: '>=12'}
    dev: true

  registry.nlark.com/ansi-styles/4.3.0:
    resolution: {integrity: sha1-7dgDYornHATIWuegkG7a00tkiTc=, registry: https://registry.npm.taobao.org/, tarball: https://registry.nlark.com/ansi-styles/download/ansi-styles-4.3.0.tgz}
    name: ansi-styles
    version: 4.3.0
    engines: {node: '>=8'}
    dependencies:
      color-convert: registry.nlark.com/color-convert/2.0.1
    dev: true

  registry.nlark.com/ansi-styles/6.1.0:
    resolution: {integrity: sha1-hzE8ECuBGKvVc3GvqzRhi/c1DtM=, registry: https://registry.npm.taobao.org/, tarball: https://registry.nlark.com/ansi-styles/download/ansi-styles-6.1.0.tgz}
    name: ansi-styles
    version: 6.1.0
    engines: {node: '>=12'}
    dev: true

  registry.nlark.com/astral-regex/2.0.0:
    resolution: {integrity: sha1-SDFDxWeu7UeFdZwIZXhtx319LjE=, registry: https://registry.npm.taobao.org/, tarball: https://registry.nlark.com/astral-regex/download/astral-regex-2.0.0.tgz}
    name: astral-regex
    version: 2.0.0
    engines: {node: '>=8'}
    dev: true

  registry.nlark.com/braces/3.0.2:
    resolution: {integrity: sha1-NFThpGLujVmeI23zNs2epPiv4Qc=, registry: https://registry.npm.taobao.org/, tarball: https://registry.nlark.com/braces/download/braces-3.0.2.tgz}
    name: braces
    version: 3.0.2
    engines: {node: '>=8'}
    dependencies:
      fill-range: registry.nlark.com/fill-range/7.0.1
    dev: true

  registry.nlark.com/clean-stack/2.2.0:
    resolution: {integrity: sha1-7oRy27Ep5yezHooQpCfe6d/kAIs=, registry: https://registry.npm.taobao.org/, tarball: https://registry.nlark.com/clean-stack/download/clean-stack-2.2.0.tgz}
    name: clean-stack
    version: 2.2.0
    engines: {node: '>=6'}
    dev: true

  registry.nlark.com/color-convert/2.0.1:
    resolution: {integrity: sha1-ctOmjVmMm9s68q0ehPIdiWq9TeM=, registry: https://registry.npm.taobao.org/, tarball: https://registry.nlark.com/color-convert/download/color-convert-2.0.1.tgz}
    name: color-convert
    version: 2.0.1
    engines: {node: '>=7.0.0'}
    dependencies:
      color-name: registry.nlark.com/color-name/1.1.4
    dev: true

  registry.nlark.com/color-name/1.1.4:
    resolution: {integrity: sha1-wqCah6y95pVD3m9j+jmVyCbFNqI=, registry: https://registry.npm.taobao.org/, tarball: https://registry.nlark.com/color-name/download/color-name-1.1.4.tgz}
    name: color-name
    version: 1.1.4
    dev: true

  registry.nlark.com/cross-spawn/7.0.3:
    resolution: {integrity: sha1-9zqFudXUHQRVUcF34ogtSshXKKY=, registry: https://registry.npm.taobao.org/, tarball: https://registry.nlark.com/cross-spawn/download/cross-spawn-7.0.3.tgz}
    name: cross-spawn
    version: 7.0.3
    engines: {node: '>= 8'}
    dependencies:
      path-key: registry.nlark.com/path-key/3.1.1
      shebang-command: registry.nlark.com/shebang-command/2.0.0
      which: registry.nlark.com/which/2.0.2
    dev: true

  registry.nlark.com/enquirer/2.3.6:
    resolution: {integrity: sha1-Kn/l3WNKHkElqXXsmU/1RW3Dc00=, registry: https://registry.npm.taobao.org/, tarball: https://registry.nlark.com/enquirer/download/enquirer-2.3.6.tgz}
    name: enquirer
    version: 2.3.6
    engines: {node: '>=8.6'}
    dependencies:
      ansi-colors: registry.nlark.com/ansi-colors/4.1.1
    dev: true

  registry.nlark.com/fill-range/7.0.1:
    resolution: {integrity: sha1-GRmmp8df44ssfHflGYU12prN2kA=, registry: https://registry.npm.taobao.org/, tarball: https://registry.nlark.com/fill-range/download/fill-range-7.0.1.tgz}
    name: fill-range
    version: 7.0.1
    engines: {node: '>=8'}
    dependencies:
      to-regex-range: registry.nlark.com/to-regex-range/5.0.1
    dev: true

  registry.nlark.com/get-stream/6.0.1:
    resolution: {integrity: sha1-omLY7vZ6ztV8KFKtYWdSakPL97c=, registry: https://registry.npm.taobao.org/, tarball: https://registry.nlark.com/get-stream/download/get-stream-6.0.1.tgz}
    name: get-stream
    version: 6.0.1
    engines: {node: '>=10'}
    dev: true

  registry.nlark.com/human-signals/2.1.0:
    resolution: {integrity: sha1-3JH8ukLk0G5Kuu0zs+ejwC9RTqA=, registry: https://registry.npm.taobao.org/, tarball: https://registry.nlark.com/human-signals/download/human-signals-2.1.0.tgz}
    name: human-signals
    version: 2.1.0
    engines: {node: '>=10.17.0'}
    dev: true

  registry.nlark.com/indent-string/4.0.0:
    resolution: {integrity: sha1-Yk+PRJfWGbLZdoUx1Y9BIoVNclE=, registry: https://registry.npm.taobao.org/, tarball: https://registry.nlark.com/indent-string/download/indent-string-4.0.0.tgz}
    name: indent-string
    version: 4.0.0
    engines: {node: '>=8'}
    dev: true

  registry.nlark.com/is-fullwidth-code-point/3.0.0:
    resolution: {integrity: sha1-8Rb4Bk/pCz94RKOJl8C3UFEmnx0=, registry: https://registry.npm.taobao.org/, tarball: https://registry.nlark.com/is-fullwidth-code-point/download/is-fullwidth-code-point-3.0.0.tgz}
    name: is-fullwidth-code-point
    version: 3.0.0
    engines: {node: '>=8'}
    dev: true

  registry.nlark.com/is-fullwidth-code-point/4.0.0:
    resolution: {integrity: sha1-+uMWfHKedGP4RhzlErCApJJoqog=, registry: https://registry.npm.taobao.org/, tarball: https://registry.nlark.com/is-fullwidth-code-point/download/is-fullwidth-code-point-4.0.0.tgz}
    name: is-fullwidth-code-point
    version: 4.0.0
    engines: {node: '>=12'}
    dev: true

  registry.nlark.com/is-number/7.0.0:
    resolution: {integrity: sha1-dTU0W4lnNNX4DE0GxQlVUnoU8Ss=, registry: https://registry.npm.taobao.org/, tarball: https://registry.nlark.com/is-number/download/is-number-7.0.0.tgz}
    name: is-number
    version: 7.0.0
    engines: {node: '>=0.12.0'}
    dev: true

  registry.nlark.com/is-stream/2.0.1:
    resolution: {integrity: sha1-+sHj1TuXrVqdCunO8jifWBClwHc=, registry: https://registry.npm.taobao.org/, tarball: https://registry.nlark.com/is-stream/download/is-stream-2.0.1.tgz}
    name: is-stream
    version: 2.0.1
    engines: {node: '>=8'}
    dev: true

  registry.nlark.com/isexe/2.0.0:
    resolution: {integrity: sha1-6PvzdNxVb/iUehDcsFctYz8s+hA=, registry: https://registry.npm.taobao.org/, tarball: https://registry.nlark.com/isexe/download/isexe-2.0.0.tgz}
    name: isexe
    version: 2.0.0
    dev: true

  registry.nlark.com/merge-stream/2.0.0:
    resolution: {integrity: sha1-UoI2KaFN0AyXcPtq1H3GMQ8sH2A=, registry: https://registry.npm.taobao.org/, tarball: https://registry.nlark.com/merge-stream/download/merge-stream-2.0.0.tgz}
    name: merge-stream
    version: 2.0.0
    dev: true

  registry.nlark.com/micromatch/4.0.4:
    resolution: {integrity: sha1-iW1Rnf6dsl/OlM63pQCRm/iB6/k=, registry: https://registry.npm.taobao.org/, tarball: https://registry.nlark.com/micromatch/download/micromatch-4.0.4.tgz}
    name: micromatch
    version: 4.0.4
    engines: {node: '>=8.6'}
    dependencies:
      braces: registry.nlark.com/braces/3.0.2
      picomatch: registry.nlark.com/picomatch/2.3.0
    dev: true

  registry.nlark.com/mimic-fn/2.1.0:
    resolution: {integrity: sha1-ftLCzMyvhNP/y3pptXcR/CCDQBs=, registry: https://registry.npm.taobao.org/, tarball: https://registry.nlark.com/mimic-fn/download/mimic-fn-2.1.0.tgz}
    name: mimic-fn
    version: 2.1.0
    engines: {node: '>=6'}
    dev: true

  registry.nlark.com/normalize-path/3.0.0:
    resolution: {integrity: sha1-Dc1p/yOhybEf0JeDFmRKA4ghamU=, registry: https://registry.npm.taobao.org/, tarball: https://registry.nlark.com/normalize-path/download/normalize-path-3.0.0.tgz}
    name: normalize-path
    version: 3.0.0
    engines: {node: '>=0.10.0'}
    dev: true

  registry.nlark.com/onetime/5.1.2:
    resolution: {integrity: sha1-0Oluu1awdHbfHdnEgG5SN5hcpF4=, registry: https://registry.npm.taobao.org/, tarball: https://registry.nlark.com/onetime/download/onetime-5.1.2.tgz}
    name: onetime
    version: 5.1.2
    engines: {node: '>=6'}
    dependencies:
      mimic-fn: registry.nlark.com/mimic-fn/2.1.0
    dev: true

  registry.nlark.com/path-key/3.1.1:
    resolution: {integrity: sha1-WB9q3mWMu6ZaDTOA3ndTKVBU83U=, registry: https://registry.npm.taobao.org/, tarball: https://registry.nlark.com/path-key/download/path-key-3.1.1.tgz}
    name: path-key
    version: 3.1.1
    engines: {node: '>=8'}
    dev: true

  registry.nlark.com/picomatch/2.3.0:
    resolution: {integrity: sha1-8fBh3o9qS/AiiS4tEoI0+5gwKXI=, registry: https://registry.npm.taobao.org/, tarball: https://registry.nlark.com/picomatch/download/picomatch-2.3.0.tgz}
    name: picomatch
    version: 2.3.0
    engines: {node: '>=8.6'}
    dev: true

  registry.nlark.com/restore-cursor/3.1.0:
    resolution: {integrity: sha1-OfZ8VLOnpYzqUjbZXPADQjljH34=, registry: https://registry.npm.taobao.org/, tarball: https://registry.nlark.com/restore-cursor/download/restore-cursor-3.1.0.tgz}
    name: restore-cursor
    version: 3.1.0
    engines: {node: '>=8'}
    dependencies:
      onetime: registry.nlark.com/onetime/5.1.2
      signal-exit: registry.npmmirror.com/signal-exit/3.0.6
    dev: true

  registry.nlark.com/shebang-command/2.0.0:
    resolution: {integrity: sha1-zNCvT4g1+9wmW4JGGq8MNmY/NOo=, registry: https://registry.npm.taobao.org/, tarball: https://registry.nlark.com/shebang-command/download/shebang-command-2.0.0.tgz}
    name: shebang-command
    version: 2.0.0
    engines: {node: '>=8'}
    dependencies:
      shebang-regex: registry.nlark.com/shebang-regex/3.0.0
    dev: true

  registry.nlark.com/shebang-regex/3.0.0:
    resolution: {integrity: sha1-rhbxZE2HPsrYQ7AwexQzYtTEIXI=, registry: https://registry.npm.taobao.org/, tarball: https://registry.nlark.com/shebang-regex/download/shebang-regex-3.0.0.tgz}
    name: shebang-regex
    version: 3.0.0
    engines: {node: '>=8'}
    dev: true

  registry.nlark.com/slice-ansi/3.0.0:
    resolution: {integrity: sha1-Md3BCTCht+C2ewjJbC9Jt3p4l4c=, registry: https://registry.npm.taobao.org/, tarball: https://registry.nlark.com/slice-ansi/download/slice-ansi-3.0.0.tgz}
    name: slice-ansi
    version: 3.0.0
    engines: {node: '>=8'}
    dependencies:
      ansi-styles: registry.nlark.com/ansi-styles/4.3.0
      astral-regex: registry.nlark.com/astral-regex/2.0.0
      is-fullwidth-code-point: registry.nlark.com/is-fullwidth-code-point/3.0.0
    dev: true

  registry.nlark.com/slice-ansi/4.0.0:
    resolution: {integrity: sha1-UA6N0P1VsFgVCGJVsxla3ypF/ms=, registry: https://registry.npm.taobao.org/, tarball: https://registry.nlark.com/slice-ansi/download/slice-ansi-4.0.0.tgz}
    name: slice-ansi
    version: 4.0.0
    engines: {node: '>=10'}
    dependencies:
      ansi-styles: registry.nlark.com/ansi-styles/4.3.0
      astral-regex: registry.nlark.com/astral-regex/2.0.0
      is-fullwidth-code-point: registry.nlark.com/is-fullwidth-code-point/3.0.0
    dev: true

  registry.nlark.com/slice-ansi/5.0.0:
    resolution: {integrity: sha1-tzBjxXqpb5zYgWVLFSlNldKFxCo=, registry: https://registry.npm.taobao.org/, tarball: https://registry.nlark.com/slice-ansi/download/slice-ansi-5.0.0.tgz}
    name: slice-ansi
    version: 5.0.0
    engines: {node: '>=12'}
    dependencies:
      ansi-styles: registry.nlark.com/ansi-styles/6.1.0
      is-fullwidth-code-point: registry.nlark.com/is-fullwidth-code-point/4.0.0
    dev: true

  registry.nlark.com/string-argv/0.3.1:
    resolution: {integrity: sha1-leL77AQnrhkYSTX4FtdKqkxcGdo=, registry: https://registry.npm.taobao.org/, tarball: https://registry.nlark.com/string-argv/download/string-argv-0.3.1.tgz}
    name: string-argv
    version: 0.3.1
    engines: {node: '>=0.6.19'}
    dev: true

  registry.nlark.com/strip-final-newline/2.0.0:
    resolution: {integrity: sha1-ibhS+y/L6Tb29LMYevsKEsGrWK0=, registry: https://registry.npm.taobao.org/, tarball: https://registry.nlark.com/strip-final-newline/download/strip-final-newline-2.0.0.tgz}
    name: strip-final-newline
    version: 2.0.0
    engines: {node: '>=6'}
    dev: true

  registry.nlark.com/through/2.3.8:
    resolution: {integrity: sha1-DdTJ/6q8NXlgsbckEV1+Doai4fU=, registry: https://registry.npm.taobao.org/, tarball: https://registry.nlark.com/through/download/through-2.3.8.tgz}
    name: through
    version: 2.3.8
    dev: true

  registry.nlark.com/to-regex-range/5.0.1:
    resolution: {integrity: sha1-FkjESq58jZiKMmAY7XL1tN0DkuQ=, registry: https://registry.npm.taobao.org/, tarball: https://registry.nlark.com/to-regex-range/download/to-regex-range-5.0.1.tgz}
    name: to-regex-range
    version: 5.0.1
    engines: {node: '>=8.0'}
    dependencies:
      is-number: registry.nlark.com/is-number/7.0.0
    dev: true

  registry.nlark.com/tslib/2.1.0:
    resolution: {integrity: sha1-2mCGDxwuyqVwOrfTm8Bba/mIuXo=, registry: https://registry.npm.taobao.org/, tarball: https://registry.nlark.com/tslib/download/tslib-2.1.0.tgz}
    name: tslib
    version: 2.1.0
    dev: true

  registry.nlark.com/which/2.0.2:
    resolution: {integrity: sha1-fGqN0KY2oDJ+ELWckobu6T8/UbE=, registry: https://registry.npm.taobao.org/, tarball: https://registry.nlark.com/which/download/which-2.0.2.tgz}
    name: which
    version: 2.0.2
    engines: {node: '>= 8'}
    hasBin: true
    dependencies:
      isexe: registry.nlark.com/isexe/2.0.0
    dev: true

  registry.nlark.com/wrap-ansi/6.2.0:
    resolution: {integrity: sha1-6Tk7oHEC5skaOyIUePAlfNKFblM=, registry: https://registry.npm.taobao.org/, tarball: https://registry.nlark.com/wrap-ansi/download/wrap-ansi-6.2.0.tgz}
    name: wrap-ansi
    version: 6.2.0
    engines: {node: '>=8'}
    dependencies:
      ansi-styles: registry.nlark.com/ansi-styles/4.3.0
      string-width: registry.npmmirror.com/string-width/4.2.3
      strip-ansi: registry.npmmirror.com/strip-ansi/6.0.1
    dev: true

  registry.nlark.com/wrap-ansi/7.0.0:
    resolution: {integrity: sha1-Z+FFz/UQpqaYS98RUpEdadLrnkM=, registry: https://registry.npm.taobao.org/, tarball: https://registry.nlark.com/wrap-ansi/download/wrap-ansi-7.0.0.tgz}
    name: wrap-ansi
    version: 7.0.0
    engines: {node: '>=10'}
    dependencies:
      ansi-styles: registry.nlark.com/ansi-styles/4.3.0
      string-width: registry.npmmirror.com/string-width/4.2.3
      strip-ansi: registry.npmmirror.com/strip-ansi/6.0.1
    dev: true

  registry.npmmirror.com/aggregate-error/3.1.0:
    resolution: {integrity: sha1-kmcP9Q9TWb23o+DUDQ7DDFc3aHo=, registry: https://registry.npm.taobao.org/, tarball: https://registry.npmmirror.com/aggregate-error/download/aggregate-error-3.1.0.tgz}
    name: aggregate-error
    version: 3.1.0
    engines: {node: '>=8'}
    dependencies:
      clean-stack: registry.nlark.com/clean-stack/2.2.0
      indent-string: registry.nlark.com/indent-string/4.0.0
    dev: true

  registry.npmmirror.com/cli-cursor/3.1.0:
    resolution: {integrity: sha1-JkMFp65JDR0Dvwybp8kl0XU68wc=, registry: https://registry.npm.taobao.org/, tarball: https://registry.npmmirror.com/cli-cursor/download/cli-cursor-3.1.0.tgz}
    name: cli-cursor
    version: 3.1.0
    engines: {node: '>=8'}
    dependencies:
      restore-cursor: registry.nlark.com/restore-cursor/3.1.0
    dev: true

  registry.npmmirror.com/cli-truncate/2.1.0:
    resolution: {integrity: sha1-w54ovwXtzeW+O5iZKiLe7Vork8c=, registry: https://registry.npm.taobao.org/, tarball: https://registry.npmmirror.com/cli-truncate/download/cli-truncate-2.1.0.tgz}
    name: cli-truncate
    version: 2.1.0
    engines: {node: '>=8'}
    dependencies:
      slice-ansi: registry.nlark.com/slice-ansi/3.0.0
      string-width: registry.npmmirror.com/string-width/4.2.3
    dev: true

  registry.npmmirror.com/cli-truncate/3.1.0:
    resolution: {integrity: sha1-PyOrElNePXPoObtD5zyd5IfbE4k=, registry: https://registry.npm.taobao.org/, tarball: https://registry.npmmirror.com/cli-truncate/download/cli-truncate-3.1.0.tgz}
    name: cli-truncate
    version: 3.1.0
    engines: {node: ^12.20.0 || ^14.13.1 || >=16.0.0}
    dependencies:
      slice-ansi: registry.nlark.com/slice-ansi/5.0.0
      string-width: registry.npmmirror.com/string-width/5.0.1
    dev: true

  registry.npmmirror.com/colorette/2.0.16:
    resolution: {integrity: sha1-cTua+E/bAAE58EVGvUqT9ipQhdo=, registry: https://registry.npm.taobao.org/, tarball: https://registry.npmmirror.com/colorette/download/colorette-2.0.16.tgz}
    name: colorette
    version: 2.0.16
    dev: true

  registry.npmmirror.com/commander/8.3.0:
    resolution: {integrity: sha1-SDfqGy2me5xhamevuw+v7lZ7ymY=, registry: https://registry.npm.taobao.org/, tarball: https://registry.npmmirror.com/commander/download/commander-8.3.0.tgz?cache=0&sync_timestamp=1634886940304&other_urls=https%3A%2F%2Fregistry.npmmirror.com%2Fcommander%2Fdownload%2Fcommander-8.3.0.tgz}
    name: commander
    version: 8.3.0
    engines: {node: '>= 12'}
    dev: true

  registry.npmmirror.com/debug/4.3.3_supports-color@9.2.1:
    resolution: {integrity: sha512-/zxw5+vh1Tfv+4Qn7a5nsbcJKPaSvCDhojn6FEl9vupwK2VCSDtEiEtqr8DFtzYFOdz63LBkxec7DYuc2jon6Q==, registry: https://registry.npm.taobao.org/, tarball: https://registry.npmmirror.com/debug/download/debug-4.3.3.tgz}
    id: registry.npmmirror.com/debug/4.3.3
    name: debug
    version: 4.3.3
    engines: {node: '>=6.0'}
    peerDependencies:
      supports-color: '*'
    peerDependenciesMeta:
      supports-color:
        optional: true
    dependencies:
      ms: registry.npmmirror.com/ms/2.1.2
      supports-color: registry.npmmirror.com/supports-color/9.2.1
    dev: true

  registry.npmmirror.com/emoji-regex/8.0.0:
    resolution: {integrity: sha1-6Bj9ac5cz8tARZT4QpY79TFkzDc=, registry: https://registry.npm.taobao.org/, tarball: https://registry.npmmirror.com/emoji-regex/download/emoji-regex-8.0.0.tgz}
    name: emoji-regex
    version: 8.0.0
    dev: true

  registry.npmmirror.com/emoji-regex/9.2.2:
    resolution: {integrity: sha1-hAyIA7DYBH9P8M+WMXazLU7z7XI=, registry: https://registry.npm.taobao.org/, tarball: https://registry.npmmirror.com/emoji-regex/download/emoji-regex-9.2.2.tgz}
    name: emoji-regex
    version: 9.2.2
    dev: true

  registry.npmmirror.com/execa/5.1.1:
    resolution: {integrity: sha1-+ArZy/Qpj3vR1MlVXCHpN0HEEd0=, registry: https://registry.npm.taobao.org/, tarball: https://registry.npmmirror.com/execa/download/execa-5.1.1.tgz}
    name: execa
    version: 5.1.1
    engines: {node: '>=10'}
    dependencies:
      cross-spawn: registry.nlark.com/cross-spawn/7.0.3
      get-stream: registry.nlark.com/get-stream/6.0.1
      human-signals: registry.nlark.com/human-signals/2.1.0
      is-stream: registry.nlark.com/is-stream/2.0.1
      merge-stream: registry.nlark.com/merge-stream/2.0.0
      npm-run-path: registry.npmmirror.com/npm-run-path/4.0.1
      onetime: registry.nlark.com/onetime/5.1.2
      signal-exit: registry.npmmirror.com/signal-exit/3.0.6
      strip-final-newline: registry.nlark.com/strip-final-newline/2.0.0
    dev: true

  registry.npmmirror.com/git-cz/4.8.0:
    resolution: {integrity: sha1-nd5YnOThLVqk7k/lTG7vX0Y15sM=, registry: https://registry.npm.taobao.org/, tarball: https://registry.npmmirror.com/git-cz/download/git-cz-4.8.0.tgz}
    name: git-cz
    version: 4.8.0
    hasBin: true
    dev: true

  registry.npmmirror.com/husky/7.0.4:
    resolution: {integrity: sha1-JCBIJF3EnI+xvwzHz7mN1yJTFTU=, registry: https://registry.npm.taobao.org/, tarball: https://registry.npmmirror.com/husky/download/husky-7.0.4.tgz}
    name: husky
    version: 7.0.4
    engines: {node: '>=12'}
    hasBin: true
    dev: true

  registry.npmmirror.com/lilconfig/2.0.4:
    resolution: {integrity: sha1-9FB9BD1wWLOAtqj1y3vNSzTO4II=, registry: https://registry.npm.taobao.org/, tarball: https://registry.npmmirror.com/lilconfig/download/lilconfig-2.0.4.tgz}
    name: lilconfig
    version: 2.0.4
    engines: {node: '>=10'}
    dev: true

  registry.npmmirror.com/lint-staged/12.1.2:
    resolution: {integrity: sha512-bSMcQVqMW98HLLLR2c2tZ+vnDCnx4fd+0QJBQgN/4XkdspGRPc8DGp7UuOEBe1ApCfJ+wXXumYnJmU+wDo7j9A==, registry: https://registry.npm.taobao.org/, tarball: https://registry.npmmirror.com/lint-staged/download/lint-staged-12.1.2.tgz?cache=0&sync_timestamp=1637579123120&other_urls=https%3A%2F%2Fregistry.npmmirror.com%2Flint-staged%2Fdownload%2Flint-staged-12.1.2.tgz}
    name: lint-staged
    version: 12.1.2
    engines: {node: ^12.20.0 || ^14.13.1 || >=16.0.0}
    hasBin: true
    dependencies:
      cli-truncate: registry.npmmirror.com/cli-truncate/3.1.0
      colorette: registry.npmmirror.com/colorette/2.0.16
      commander: registry.npmmirror.com/commander/8.3.0
      debug: registry.npmmirror.com/debug/4.3.3_supports-color@9.2.1
      enquirer: registry.nlark.com/enquirer/2.3.6
      execa: registry.npmmirror.com/execa/5.1.1
      lilconfig: registry.npmmirror.com/lilconfig/2.0.4
      listr2: registry.npmmirror.com/listr2/3.13.5_enquirer@2.3.6
      micromatch: registry.nlark.com/micromatch/4.0.4
      normalize-path: registry.nlark.com/normalize-path/3.0.0
      object-inspect: registry.npmmirror.com/object-inspect/1.11.1
      string-argv: registry.nlark.com/string-argv/0.3.1
      supports-color: registry.npmmirror.com/supports-color/9.2.1
      yaml: registry.npmmirror.com/yaml/1.10.2
    dev: true

  registry.npmmirror.com/listr2/3.13.5_enquirer@2.3.6:
    resolution: {integrity: sha512-3n8heFQDSk+NcwBn3CgxEibZGaRzx+pC64n3YjpMD1qguV4nWus3Al+Oo3KooqFKTQEJ1v7MmnbnyyNspgx3NA==, registry: https://registry.npm.taobao.org/, tarball: https://registry.npmmirror.com/listr2/download/listr2-3.13.5.tgz}
    id: registry.npmmirror.com/listr2/3.13.5
    name: listr2
    version: 3.13.5
    engines: {node: '>=10.0.0'}
    peerDependencies:
      enquirer: '>= 2.3.0 < 3'
    peerDependenciesMeta:
      enquirer:
        optional: true
    dependencies:
      cli-truncate: registry.npmmirror.com/cli-truncate/2.1.0
      colorette: registry.npmmirror.com/colorette/2.0.16
      enquirer: registry.nlark.com/enquirer/2.3.6
      log-update: registry.npmmirror.com/log-update/4.0.0
      p-map: registry.npmmirror.com/p-map/4.0.0
      rfdc: registry.npmmirror.com/rfdc/1.3.0
      rxjs: registry.npmmirror.com/rxjs/7.4.0
      through: registry.nlark.com/through/2.3.8
      wrap-ansi: registry.nlark.com/wrap-ansi/7.0.0
    dev: true

  registry.npmmirror.com/log-update/4.0.0:
    resolution: {integrity: sha1-WJ7NNSRx8qHAxXAodUOmTf0g4KE=, registry: https://registry.npm.taobao.org/, tarball: https://registry.npmmirror.com/log-update/download/log-update-4.0.0.tgz}
    name: log-update
    version: 4.0.0
    engines: {node: '>=10'}
    dependencies:
      ansi-escapes: registry.nlark.com/ansi-escapes/4.3.2
      cli-cursor: registry.npmmirror.com/cli-cursor/3.1.0
      slice-ansi: registry.nlark.com/slice-ansi/4.0.0
      wrap-ansi: registry.nlark.com/wrap-ansi/6.2.0
    dev: true

  registry.npmmirror.com/ms/2.1.2:
    resolution: {integrity: sha1-0J0fNXtEP0kzgqjrPM0YOHKuYAk=, registry: https://registry.npm.taobao.org/, tarball: https://registry.npmmirror.com/ms/download/ms-2.1.2.tgz?cache=0&sync_timestamp=1632788710719&other_urls=https%3A%2F%2Fregistry.npmmirror.com%2Fms%2Fdownload%2Fms-2.1.2.tgz}
    name: ms
    version: 2.1.2
    dev: true

  registry.npmmirror.com/npm-run-path/4.0.1:
    resolution: {integrity: sha1-t+zR5e1T2o43pV4cImnguX7XSOo=, registry: https://registry.npm.taobao.org/, tarball: https://registry.npmmirror.com/npm-run-path/download/npm-run-path-4.0.1.tgz}
    name: npm-run-path
    version: 4.0.1
    engines: {node: '>=8'}
    dependencies:
      path-key: registry.nlark.com/path-key/3.1.1
    dev: true

  registry.npmmirror.com/object-inspect/1.11.1:
    resolution: {integrity: sha512-If7BjFlpkzzBeV1cqgT3OSWT3azyoxDGajR+iGnFBfVV2EWyDyWaZZW2ERDjUaY2QM8i5jI3Sj7mhsM4DDAqWA==, registry: https://registry.npm.taobao.org/, tarball: https://registry.npmmirror.com/object-inspect/download/object-inspect-1.11.1.tgz}
    name: object-inspect
    version: 1.11.1
    dev: true

  registry.npmmirror.com/p-map/4.0.0:
    resolution: {integrity: sha1-uy+Vpe2i7BaOySdOBqdHw+KQTSs=, registry: https://registry.npm.taobao.org/, tarball: https://registry.npmmirror.com/p-map/download/p-map-4.0.0.tgz?cache=0&sync_timestamp=1635933039499&other_urls=https%3A%2F%2Fregistry.npmmirror.com%2Fp-map%2Fdownload%2Fp-map-4.0.0.tgz}
    name: p-map
    version: 4.0.0
    engines: {node: '>=10'}
    dependencies:
      aggregate-error: registry.npmmirror.com/aggregate-error/3.1.0
    dev: true

  registry.npmmirror.com/rfdc/1.3.0:
    resolution: {integrity: sha1-0LfEQasnINBdxM8m4ByJYx2doIs=, registry: https://registry.npm.taobao.org/, tarball: https://registry.npmmirror.com/rfdc/download/rfdc-1.3.0.tgz}
    name: rfdc
    version: 1.3.0
    dev: true

  registry.npmmirror.com/rxjs/7.4.0:
    resolution: {integrity: sha1-oSpE1+6/AW9f8kQbh/KMmlHOvGg=, registry: https://registry.npm.taobao.org/, tarball: https://registry.npmmirror.com/rxjs/download/rxjs-7.4.0.tgz}
    name: rxjs
    version: 7.4.0
    dependencies:
      tslib: registry.nlark.com/tslib/2.1.0
    dev: true

  registry.npmmirror.com/signal-exit/3.0.6:
    resolution: {integrity: sha512-sDl4qMFpijcGw22U5w63KmD3cZJfBuFlVNbVMKje2keoKML7X2UzWbc4XrmEbDwg0NXJc3yv4/ox7b+JWb57kQ==, registry: https://registry.npm.taobao.org/, tarball: https://registry.npmmirror.com/signal-exit/download/signal-exit-3.0.6.tgz?cache=0&sync_timestamp=1637280751352&other_urls=https%3A%2F%2Fregistry.npmmirror.com%2Fsignal-exit%2Fdownload%2Fsignal-exit-3.0.6.tgz}
    name: signal-exit
    version: 3.0.6
    dev: true

  registry.npmmirror.com/string-width/4.2.3:
    resolution: {integrity: sha1-JpxxF9J7Ba0uU2gwqOyJXvnG0BA=, registry: https://registry.npm.taobao.org/, tarball: https://registry.npmmirror.com/string-width/download/string-width-4.2.3.tgz}
    name: string-width
    version: 4.2.3
    engines: {node: '>=8'}
    dependencies:
      emoji-regex: registry.npmmirror.com/emoji-regex/8.0.0
      is-fullwidth-code-point: registry.nlark.com/is-fullwidth-code-point/3.0.0
      strip-ansi: registry.npmmirror.com/strip-ansi/6.0.1
    dev: true

  registry.npmmirror.com/string-width/5.0.1:
    resolution: {integrity: sha1-DYFYM1ps/Y65Xam2smLOMUoDb/0=, registry: https://registry.npm.taobao.org/, tarball: https://registry.npmmirror.com/string-width/download/string-width-5.0.1.tgz}
    name: string-width
    version: 5.0.1
    engines: {node: '>=12'}
    dependencies:
      emoji-regex: registry.npmmirror.com/emoji-regex/9.2.2
      is-fullwidth-code-point: registry.nlark.com/is-fullwidth-code-point/4.0.0
      strip-ansi: registry.npmmirror.com/strip-ansi/7.0.1
    dev: true

  registry.npmmirror.com/strip-ansi/6.0.1:
    resolution: {integrity: sha1-nibGPTD1NEPpSJSVshBdN7Z6hdk=, registry: https://registry.npm.taobao.org/, tarball: https://registry.npmmirror.com/strip-ansi/download/strip-ansi-6.0.1.tgz}
    name: strip-ansi
    version: 6.0.1
    engines: {node: '>=8'}
    dependencies:
      ansi-regex: registry.nlark.com/ansi-regex/5.0.1
    dev: true

  registry.npmmirror.com/strip-ansi/7.0.1:
    resolution: {integrity: sha1-YXQKCM42th5Q5lZT8HBg0ACXX7I=, registry: https://registry.npm.taobao.org/, tarball: https://registry.npmmirror.com/strip-ansi/download/strip-ansi-7.0.1.tgz}
    name: strip-ansi
    version: 7.0.1
    engines: {node: '>=12'}
    dependencies:
      ansi-regex: registry.nlark.com/ansi-regex/6.0.1
    dev: true

  registry.npmmirror.com/supports-color/9.2.1:
    resolution: {integrity: sha512-Obv7ycoCTG51N7y175StI9BlAXrmgZrFhZOb0/PyjHBher/NmsdBgbbQ1Inhq+gIhz6+7Gb+jWF2Vqi7Mf1xnQ==, registry: https://registry.npm.taobao.org/, tarball: https://registry.npmmirror.com/supports-color/download/supports-color-9.2.1.tgz}
    name: supports-color
    version: 9.2.1
    engines: {node: '>=12'}
    dev: true

  registry.npmmirror.com/type-fest/0.21.3:
    resolution: {integrity: sha1-0mCiSwGYQ24TP6JqUkptZfo7Ljc=, registry: https://registry.npm.taobao.org/, tarball: https://registry.npmmirror.com/type-fest/download/type-fest-0.21.3.tgz}
    name: type-fest
    version: 0.21.3
    engines: {node: '>=10'}
    dev: true

  registry.npmmirror.com/yaml/1.10.2:
    resolution: {integrity: sha1-IwHF/78StGfejaIzOkWeKeeSDks=, registry: https://registry.npm.taobao.org/, tarball: https://registry.npmmirror.com/yaml/download/yaml-1.10.2.tgz}
    name: yaml
    version: 1.10.2
    engines: {node: '>= 6'}
    dev: true
