# THIS IS AN AUTOGENERATED FILE. DO NOT EDIT THIS FILE DIRECTLY.
# yarn lockfile v1


"@babel/parser@^7.15.0":
  version "7.15.7"
  resolved "https://registry.nlark.com/@babel/parser/download/@babel/parser-7.15.7.tgz#0c3ed4a2eb07b165dfa85b3cc45c727334c4edae"
  integrity sha1-DD7UousHsWXfqFs8xFxyczTE7a4=

"@vitejs/plugin-vue@^1.9.0":
  version "1.9.2"
  resolved "https://registry.npmmirror.com/@vitejs/plugin-vue/download/@vitejs/plugin-vue-1.9.2.tgz#7234efb8c3c3d60c7eac350a935074ab1820ae0e"
  integrity sha1-cjTvuMPD1gx+rDUKk1B0qxggrg4=

"@vue/compiler-core@3.2.18":
  version "3.2.18"
  resolved "https://registry.npmmirror.com/@vue/compiler-core/download/@vue/compiler-core-3.2.18.tgz#239f8ed2e8a95e87f6a6235a4798d8d29e5b4dd8"
  integrity sha1-I5+O0uipXof2piNaR5jY0p5bTdg=
  dependencies:
    "@babel/parser" "^7.15.0"
    "@vue/shared" "3.2.18"
    estree-walker "^2.0.2"
    source-map "^0.6.1"

"@vue/compiler-dom@3.2.18":
  version "3.2.18"
  resolved "https://registry.npmmirror.com/@vue/compiler-dom/download/@vue/compiler-dom-3.2.18.tgz#6bb3b0e318a7eb16c02eb42fefa96a58766c6730"
  integrity sha1-a7Ow4xin6xbALrQv76lqWHZsZzA=
  dependencies:
    "@vue/compiler-core" "3.2.18"
    "@vue/shared" "3.2.18"

"@vue/compiler-sfc@3.2.18":
  version "3.2.18"
  resolved "https://registry.npmmirror.com/@vue/compiler-sfc/download/@vue/compiler-sfc-3.2.18.tgz#d2dfcd09d2bb5a1dfe70d686ac5139473b25d5ef"
  integrity sha1-0t/NCdK7Wh3+cNaGrFE5Rzsl1e8=
  dependencies:
    "@babel/parser" "^7.15.0"
    "@vue/compiler-core" "3.2.18"
    "@vue/compiler-dom" "3.2.18"
    "@vue/compiler-ssr" "3.2.18"
    "@vue/ref-transform" "3.2.18"
    "@vue/shared" "3.2.18"
    estree-walker "^2.0.2"
    magic-string "^0.25.7"
    postcss "^8.1.10"
    source-map "^0.6.1"

"@vue/compiler-ssr@3.2.18":
  version "3.2.18"
  resolved "https://registry.npmmirror.com/@vue/compiler-ssr/download/@vue/compiler-ssr-3.2.18.tgz#d2801ac5e7472d0b3079f553a4ab98def96e7be9"
  integrity sha1-0oAaxedHLQswefVTpKuY3vlue+k=
  dependencies:
    "@vue/compiler-dom" "3.2.18"
    "@vue/shared" "3.2.18"

"@vue/reactivity@3.2.18":
  version "3.2.18"
  resolved "https://registry.npmmirror.com/@vue/reactivity/download/@vue/reactivity-3.2.18.tgz#46d5077289d1c57f62bdcdfc6a566e371e3f20cd"
  integrity sha1-RtUHconRxX9ivc38alZuNx4/IM0=
  dependencies:
    "@vue/shared" "3.2.18"

"@vue/ref-transform@3.2.18":
  version "3.2.18"
  resolved "https://registry.npmmirror.com/@vue/ref-transform/download/@vue/ref-transform-3.2.18.tgz#270be5502dd95d312ec970f518239d0e85548bc9"
  integrity sha1-JwvlUC3ZXTEuyXD1GCOdDoVUi8k=
  dependencies:
    "@babel/parser" "^7.15.0"
    "@vue/compiler-core" "3.2.18"
    "@vue/shared" "3.2.18"
    estree-walker "^2.0.2"
    magic-string "^0.25.7"

"@vue/runtime-core@3.2.18":
  version "3.2.18"
  resolved "https://registry.npmmirror.com/@vue/runtime-core/download/@vue/runtime-core-3.2.18.tgz#f4de5b0524300eeb0a0b17f20ccbd1287aa33a16"
  integrity sha1-9N5bBSQwDusKCxfyDMvRKHqjOhY=
  dependencies:
    "@vue/reactivity" "3.2.18"
    "@vue/shared" "3.2.18"

"@vue/runtime-dom@3.2.18":
  version "3.2.18"
  resolved "https://registry.npmmirror.com/@vue/runtime-dom/download/@vue/runtime-dom-3.2.18.tgz#25d23af43c104ab6c49b65ef9bc5e29be5788c2d"
  integrity sha1-JdI69DwQSrbEm2Xvm8Xim+V4jC0=
  dependencies:
    "@vue/runtime-core" "3.2.18"
    "@vue/shared" "3.2.18"
    csstype "^2.6.8"

"@vue/server-renderer@3.2.18":
  version "3.2.18"
  resolved "https://registry.npmmirror.com/@vue/server-renderer/download/@vue/server-renderer-3.2.18.tgz#66ff958eac719e7dee430c22685d100847491453"
  integrity sha1-Zv+Vjqxxnn3uQwwiaF0QCEdJFFM=
  dependencies:
    "@vue/compiler-ssr" "3.2.18"
    "@vue/shared" "3.2.18"

"@vue/shared@3.2.18":
  version "3.2.18"
  resolved "https://registry.npmmirror.com/@vue/shared/download/@vue/shared-3.2.18.tgz#f601356e14e455428e5db8281c966ba4c1bc3403"
  integrity sha1-9gE1bhTkVUKOXbgoHJZrpMG8NAM=

csstype@^2.6.8:
  version "2.6.18"
  resolved "https://registry.nlark.com/csstype/download/csstype-2.6.18.tgz?cache=0&other_urls=https%3A%2F%2Fregistry.nlark.com%2Fcsstype%2Fdownload%2Fcsstype-2.6.18.tgz#980a8b53085f34af313410af064f2bd241784218"
  integrity sha1-mAqLUwhfNK8xNBCvBk8r0kF4Qhg=

esbuild@^0.12.17:
  version "0.12.29"
  resolved "https://registry.npmmirror.com/esbuild/download/esbuild-0.12.29.tgz?cache=0&sync_timestamp=1632403925856&other_urls=https%3A%2F%2Fregistry.npmmirror.com%2Fesbuild%2Fdownload%2Fesbuild-0.12.29.tgz#be602db7c4dc78944a9dbde0d1ea19d36c1f882d"
  integrity sha1-vmAtt8TceJRKnb3g0eoZ02wfiC0=

estree-walker@^2.0.2:
  version "2.0.2"
  resolved "https://registry.nlark.com/estree-walker/download/estree-walker-2.0.2.tgz#52f010178c2a4c117a7757cfe942adb7d2da4cac"
  integrity sha1-UvAQF4wqTBF6d1fP6UKtt9LaTKw=

fsevents@~2.3.2:
  version "2.3.2"
  resolved "https://registry.npm.taobao.org/fsevents/download/fsevents-2.3.2.tgz?cache=0&sync_timestamp=1612536409579&other_urls=https%3A%2F%2Fregistry.npm.taobao.org%2Ffsevents%2Fdownload%2Ffsevents-2.3.2.tgz#8a526f78b8fdf4623b709e0b975c52c24c02fd1a"
  integrity sha1-ilJveLj99GI7cJ4Ll1xSwkwC/Ro=

function-bind@^1.1.1:
  version "1.1.1"
  resolved "https://registry.npm.taobao.org/function-bind/download/function-bind-1.1.1.tgz#a56899d3ea3c9bab874bb9773b7c5ede92f4895d"
  integrity sha1-pWiZ0+o8m6uHS7l3O3xe3pL0iV0=

has@^1.0.3:
  version "1.0.3"
  resolved "https://registry.nlark.com/has/download/has-1.0.3.tgz#722d7cbfc1f6aa8241f16dd814e011e1f41e8796"
  integrity sha1-ci18v8H2qoJB8W3YFOAR4fQeh5Y=
  dependencies:
    function-bind "^1.1.1"

is-core-module@^2.2.0:
  version "2.6.0"
  resolved "https://registry.nlark.com/is-core-module/download/is-core-module-2.6.0.tgz#d7553b2526fe59b92ba3e40c8df757ec8a709e19"
  integrity sha1-11U7JSb+Wbkro+QMjfdX7Ipwnhk=
  dependencies:
    has "^1.0.3"

magic-string@^0.25.7:
  version "0.25.7"
  resolved "https://registry.nlark.com/magic-string/download/magic-string-0.25.7.tgz#3f497d6fd34c669c6798dcb821f2ef31f5445051"
  integrity sha1-P0l9b9NMZpxnmNy4IfLvMfVEUFE=
  dependencies:
    sourcemap-codec "^1.4.4"

nanocolors@^0.1.5:
  version "0.1.12"
  resolved "https://registry.npmmirror.com/nanocolors/download/nanocolors-0.1.12.tgz#8577482c58cbd7b5bb1681db4cf48f11a87fd5f6"
  integrity sha1-hXdILFjL17W7FoHbTPSPEah/1fY=

nanoid@^3.1.25:
  version "3.1.25"
  resolved "https://registry.nlark.com/nanoid/download/nanoid-3.1.25.tgz#09ca32747c0e543f0e1814b7d3793477f9c8e152"
  integrity sha1-CcoydHwOVD8OGBS303k0d/nI4VI=

path-parse@^1.0.6:
  version "1.0.7"
  resolved "https://registry.nlark.com/path-parse/download/path-parse-1.0.7.tgz#fbc114b60ca42b30d9daf5858e4bd68bbedb6735"
  integrity sha1-+8EUtgykKzDZ2vWFjkvWi77bZzU=

postcss@^8.1.10, postcss@^8.3.6:
  version "8.3.7"
  resolved "https://registry.nlark.com/postcss/download/postcss-8.3.7.tgz?cache=0&sync_timestamp=1632290155487&other_urls=https%3A%2F%2Fregistry.nlark.com%2Fpostcss%2Fdownload%2Fpostcss-8.3.7.tgz#ec88563588c8da8e58e7226f7633b51ae221eeda"
  integrity sha1-7IhWNYjI2o5Y5yJvdjO1GuIh7to=
  dependencies:
    nanocolors "^0.1.5"
    nanoid "^3.1.25"
    source-map-js "^0.6.2"

resolve@^1.20.0:
  version "1.20.0"
  resolved "https://registry.nlark.com/resolve/download/resolve-1.20.0.tgz#629a013fb3f70755d6f0b7935cc1c2c5378b1975"
  integrity sha1-YpoBP7P3B1XW8LeTXMHCxTeLGXU=
  dependencies:
    is-core-module "^2.2.0"
    path-parse "^1.0.6"

rollup@^2.38.5:
  version "2.57.0"
  resolved "https://registry.nlark.com/rollup/download/rollup-2.57.0.tgz#c1694475eb22e1022477c0f4635fd0ac80713173"
  integrity sha1-wWlEdesi4QIkd8D0Y1/QrIBxMXM=
  optionalDependencies:
    fsevents "~2.3.2"

source-map-js@^0.6.2:
  version "0.6.2"
  resolved "https://registry.npm.taobao.org/source-map-js/download/source-map-js-0.6.2.tgz#0bb5de631b41cfbda6cfba8bd05a80efdfd2385e"
  integrity sha1-C7XeYxtBz72mz7qL0FqA79/SOF4=

source-map@^0.6.1:
  version "0.6.1"
  resolved "https://registry.npm.taobao.org/source-map/download/source-map-0.6.1.tgz#74722af32e9614e9c287a8d0bbde48b5e2f1a263"
  integrity sha1-dHIq8y6WFOnCh6jQu95IteLxomM=

sourcemap-codec@^1.4.4:
  version "1.4.8"
  resolved "https://registry.nlark.com/sourcemap-codec/download/sourcemap-codec-1.4.8.tgz#ea804bd94857402e6992d05a38ef1ae35a9ab4c4"
  integrity sha1-6oBL2UhXQC5pktBaOO8a41qatMQ=

vite@^2.5.10:
  version "2.5.10"
  resolved "https://registry.npmmirror.com/vite/download/vite-2.5.10.tgz#c598e3b5a7e1956ffc52eb3b3420d177fc2ed2a5"
  integrity sha1-xZjjtafhlW/8Uus7NCDRd/wu0qU=
  dependencies:
    esbuild "^0.12.17"
    postcss "^8.3.6"
    resolve "^1.20.0"
    rollup "^2.38.5"
  optionalDependencies:
    fsevents "~2.3.2"

vue@^3.2.13:
  version "3.2.18"
  resolved "https://registry.npmmirror.com/vue/download/vue-3.2.18.tgz?cache=0&sync_timestamp=1632513990054&other_urls=https%3A%2F%2Fregistry.npmmirror.com%2Fvue%2Fdownload%2Fvue-3.2.18.tgz#7791cbacb7e4193cf866eaac13ca61b912ce8eb6"
  integrity sha1-d5HLrLfkGTz4ZuqsE8phuRLOjrY=
  dependencies:
    "@vue/compiler-dom" "3.2.18"
    "@vue/compiler-sfc" "3.2.18"
    "@vue/runtime-dom" "3.2.18"
    "@vue/server-renderer" "3.2.18"
    "@vue/shared" "3.2.18"
